// !$*UTF8*$!
{
	archiveVersion = 1;
	classes = {
	};
	objectVersion = 56;
	objects = {

/* Begin PBXBuildFile section */
		1EDF2F092A79A78E0010847C /* WifiScannerApp.swift in Sources */ = {isa = PBXBuildFile; fileRef = 1EDF2F082A79A78E0010847C /* WifiScannerApp.swift */; };
		1EDF2F0B2A79A78E0010847C /* ContentView.swift in Sources */ = {isa = PBXBuildFile; fileRef = 1EDF2F0A2A79A78E0010847C /* ContentView.swift */; };
		1EDF2F0D2A79A78F0010847C /* Assets.xcassets in Resources */ = {isa = PBXBuildFile; fileRef = 1EDF2F0C2A79A78F0010847C /* Assets.xcassets */; };
		1EDF2F102A79A78F0010847C /* Preview Assets.xcassets in Resources */ = {isa = PBXBuildFile; fileRef = 1EDF2F0F2A79A78F0010847C /* Preview Assets.xcassets */; };
		1EDF2F1B2A79B0BF0010847C /* ListScreenView.swift in Sources */ = {isa = PBXBuildFile; fileRef = 1EDF2F1A2A79B0BF0010847C /* ListScreenView.swift */; };
		5DCC954C28602DE2FA4E35C8 /* Pods_WifiScanner.framework in Frameworks */ = {isa = PBXBuildFile; fileRef = A1DA453CB0564BF2195301DE /* Pods_WifiScanner.framework */; };
/* End PBXBuildFile section */

/* Begin PBXFileReference section */
		1EDF2F052A79A78E0010847C /* WifiScanner.app */ = {isa = PBXFileReference; explicitFileType = wrapper.application; includeInIndex = 0; path = WifiScanner.app; sourceTree = BUILT_PRODUCTS_DIR; };
		1EDF2F082A79A78E0010847C /* WifiScannerApp.swift */ = {isa = PBXFileReference; lastKnownFileType = sourcecode.swift; path = WifiScannerApp.swift; sourceTree = "<group>"; };
		1EDF2F0A2A79A78E0010847C /* ContentView.swift */ = {isa = PBXFileReference; lastKnownFileType = sourcecode.swift; path = ContentView.swift; sourceTree = "<group>"; };
		1EDF2F0C2A79A78F0010847C /* Assets.xcassets */ = {isa = PBXFileReference; lastKnownFileType = folder.assetcatalog; path = Assets.xcassets; sourceTree = "<group>"; };
		1EDF2F0F2A79A78F0010847C /* Preview Assets.xcassets */ = {isa = PBXFileReference; lastKnownFileType = folder.assetcatalog; path = "Preview Assets.xcassets"; sourceTree = "<group>"; };
		1EDF2F1A2A79B0BF0010847C /* ListScreenView.swift */ = {isa = PBXFileReference; lastKnownFileType = sourcecode.swift; path = ListScreenView.swift; sourceTree = "<group>"; };
		3ED5D4F30F99004658CB683E /* Pods-WifiScanner.release.xcconfig */ = {isa = PBXFileReference; includeInIndex = 1; lastKnownFileType = text.xcconfig; name = "Pods-WifiScanner.release.xcconfig"; path = "Target Support Files/Pods-WifiScanner/Pods-WifiScanner.release.xcconfig"; sourceTree = "<group>"; };
		7EC8B9556EF062C0108C595F /* Pods-WifiScanner.debug.xcconfig */ = {isa = PBXFileReference; includeInIndex = 1; lastKnownFileType = text.xcconfig; name = "Pods-WifiScanner.debug.xcconfig"; path = "Target Support Files/Pods-WifiScanner/Pods-WifiScanner.debug.xcconfig"; sourceTree = "<group>"; };
		A1DA453CB0564BF2195301DE /* Pods_WifiScanner.framework */ = {isa = PBXFileReference; explicitFileType = wrapper.framework; includeInIndex = 0; path = Pods_WifiScanner.framework; sourceTree = BUILT_PRODUCTS_DIR; };
/* End PBXFileReference section */

/* Begin PBXFrameworksBuildPhase section */
		1EDF2F022A79A78E0010847C /* Frameworks */ = {
			isa = PBXFrameworksBuildPhase;
			buildActionMask = 2147483647;
			files = (
				5DCC954C28602DE2FA4E35C8 /* Pods_WifiScanner.framework in Frameworks */,
			);
			runOnlyForDeploymentPostprocessing = 0;
		};
/* End PBXFrameworksBuildPhase section */

/* Begin PBXGroup section */
		1EDF2EFC2A79A78E0010847C = {
			isa = PBXGroup;
			children = (
				1EDF2F072A79A78E0010847C /* WifiScanner */,
				1EDF2F062A79A78E0010847C /* Products */,
				5792A0AB6531A7F108BD59D0 /* Pods */,
				2FE61F80FA6E7F38D237DBD7 /* Frameworks */,
			);
			sourceTree = "<group>";
		};
		1EDF2F062A79A78E0010847C /* Products */ = {
			isa = PBXGroup;
			children = (
				1EDF2F052A79A78E0010847C /* WifiScanner.app */,
			);
			name = Products;
			sourceTree = "<group>";
		};
		1EDF2F072A79A78E0010847C /* WifiScanner */ = {
			isa = PBXGroup;
			children = (
				1EDF2F082A79A78E0010847C /* WifiScannerApp.swift */,
				1EDF2F0A2A79A78E0010847C /* ContentView.swift */,
				1EDF2F0C2A79A78F0010847C /* Assets.xcassets */,
				1EDF2F0E2A79A78F0010847C /* Preview Content */,
				1EDF2F1A2A79B0BF0010847C /* ListScreenView.swift */,
			);
			path = WifiScanner;
			sourceTree = "<group>";
		};
		1EDF2F0E2A79A78F0010847C /* Preview Content */ = {
			isa = PBXGroup;
			children = (
				1EDF2F0F2A79A78F0010847C /* Preview Assets.xcassets */,
			);
			path = "Preview Content";
			sourceTree = "<group>";
		};
		2FE61F80FA6E7F38D237DBD7 /* Frameworks */ = {
			isa = PBXGroup;
			children = (
				A1DA453CB0564BF2195301DE /* Pods_WifiScanner.framework */,
			);
			name = Frameworks;
			sourceTree = "<group>";
		};
		5792A0AB6531A7F108BD59D0 /* Pods */ = {
			isa = PBXGroup;
			children = (
				7EC8B9556EF062C0108C595F /* Pods-WifiScanner.debug.xcconfig */,
				3ED5D4F30F99004658CB683E /* Pods-WifiScanner.release.xcconfig */,
			);
			name = Pods;
			path = Pods;
			sourceTree = "<group>";
		};
/* End PBXGroup section */

/* Begin PBXNativeTarget section */
		1EDF2F042A79A78E0010847C /* WifiScanner */ = {
			isa = PBXNativeTarget;
			buildConfigurationList = 1EDF2F132A79A78F0010847C /* Build configuration list for PBXNativeTarget "WifiScanner" */;
			buildPhases = (
				55B38FE957C20BB6A353FB4F /* [CP] Check Pods Manifest.lock */,
				1EDF2F012A79A78E0010847C /* Sources */,
				1EDF2F022A79A78E0010847C /* Frameworks */,
				1EDF2F032A79A78E0010847C /* Resources */,
				2121A0DC9B4808BA4C7EC5F8 /* [CP] Embed Pods Frameworks */,
			);
			buildRules = (
			);
			dependencies = (
			);
			name = WifiScanner;
			productName = WifiScanner;
			productReference = 1EDF2F052A79A78E0010847C /* WifiScanner.app */;
			productType = "com.apple.product-type.application";
		};
/* End PBXNativeTarget section */

/* Begin PBXProject section */
		1EDF2EFD2A79A78E0010847C /* Project object */ = {
			isa = PBXProject;
			attributes = {
				BuildIndependentTargetsInParallel = 1;
				LastSwiftUpdateCheck = 1430;
				LastUpgradeCheck = 1430;
				TargetAttributes = {
					1EDF2F042A79A78E0010847C = {
						CreatedOnToolsVersion = 14.3.1;
					};
				};
			};
			buildConfigurationList = 1EDF2F002A79A78E0010847C /* Build configuration list for PBXProject "WifiScanner" */;
			compatibilityVersion = "Xcode 14.0";
			developmentRegion = en;
			hasScannedForEncodings = 0;
			knownRegions = (
				en,
				Base,
			);
			mainGroup = 1EDF2EFC2A79A78E0010847C;
			productRefGroup = 1EDF2F062A79A78E0010847C /* Products */;
			projectDirPath = "";
			projectRoot = "";
			targets = (
				1EDF2F042A79A78E0010847C /* WifiScanner */,
			);
		};
/* End PBXProject section */

/* Begin PBXResourcesBuildPhase section */
		1EDF2F032A79A78E0010847C /* Resources */ = {
			isa = PBXResourcesBuildPhase;
			buildActionMask = 2147483647;
			files = (
				1EDF2F102A79A78F0010847C /* Preview Assets.xcassets in Resources */,
				1EDF2F0D2A79A78F0010847C /* Assets.xcassets in Resources */,
			);
			runOnlyForDeploymentPostprocessing = 0;
		};
/* End PBXResourcesBuildPhase section */

/* Begin PBXShellScriptBuildPhase section */
		2121A0DC9B4808BA4C7EC5F8 /* [CP] Embed Pods Frameworks */ = {
			isa = PBXShellScriptBuildPhase;
			buildActionMask = 2147483647;
			files = (
			);
			inputFileListPaths = (
				"${PODS_ROOT}/Target Support Files/Pods-WifiScanner/Pods-WifiScanner-frameworks-${CONFIGURATION}-input-files.xcfilelist",
			);
			name = "[CP] Embed Pods Frameworks";
			outputFileListPaths = (
				"${PODS_ROOT}/Target Support Files/Pods-WifiScanner/Pods-WifiScanner-frameworks-${CONFIGURATION}-output-files.xcfilelist",
			);
			runOnlyForDeploymentPostprocessing = 0;
			shellPath = /bin/sh;
			shellScript = "\"${PODS_ROOT}/Target Support Files/Pods-WifiScanner/Pods-WifiScanner-frameworks.sh\"\n";
			showEnvVarsInLog = 0;
		};
		55B38FE957C20BB6A353FB4F /* [CP] Check Pods Manifest.lock */ = {
			isa = PBXShellScriptBuildPhase;
			buildActionMask = 2147483647;
			files = (
			);
			inputFileListPaths = (
			);
			inputPaths = (
				"${PODS_PODFILE_DIR_PATH}/Podfile.lock",
				"${PODS_ROOT}/Manifest.lock",
			);
			name = "[CP] Check Pods Manifest.lock";
			outputFileListPaths = (
			);
			outputPaths = (
				"$(DERIVED_FILE_DIR)/Pods-WifiScanner-checkManifestLockResult.txt",
			);
			runOnlyForDeploymentPostprocessing = 0;
			shellPath = /bin/sh;
			shellScript = "diff \"${PODS_PODFILE_DIR_PATH}/Podfile.lock\" \"${PODS_ROOT}/Manifest.lock\" > /dev/null\nif [ $? != 0 ] ; then\n    # print error to STDERR\n    echo \"error: The sandbox is not in sync with the Podfile.lock. Run 'pod install' or update your CocoaPods installation.\" >&2\n    exit 1\nfi\n# This output is used by Xcode 'outputs' to avoid re-running this script phase.\necho \"SUCCESS\" > \"${SCRIPT_OUTPUT_FILE_0}\"\n";
			showEnvVarsInLog = 0;
		};
/* End PBXShellScriptBuildPhase section */

/* Begin PBXSourcesBuildPhase section */
		1EDF2F012A79A78E0010847C /* Sources */ = {
			isa = PBXSourcesBuildPhase;
			buildActionMask = 2147483647;
			files = (
				1EDF2F1B2A79B0BF0010847C /* ListScreenView.swift in Sources */,
				1EDF2F0B2A79A78E0010847C /* ContentView.swift in Sources */,
				1EDF2F092A79A78E0010847C /* WifiScannerApp.swift in Sources */,
			);
			runOnlyForDeploymentPostprocessing = 0;
		};
/* End PBXSourcesBuildPhase section */

/* Begin XCBuildConfiguration section */
		1EDF2F112A79A78F0010847C /* Debug */ = {
			isa = XCBuildConfiguration;
			buildSettings = {
				ALWAYS_SEARCH_USER_PATHS = NO;
				CLANG_ANALYZER_NONNULL = YES;
				CLANG_ANALYZER_NUMBER_OBJECT_CONVERSION = YES_AGGRESSIVE;
				CLANG_CXX_LANGUAGE_STANDARD = "gnu++20";
				CLANG_ENABLE_MODULES = YES;
				CLANG_ENABLE_OBJC_ARC = YES;
				CLANG_ENABLE_OBJC_WEAK = YES;
				CLANG_WARN_BLOCK_CAPTURE_AUTORELEASING = YES;
				CLANG_WARN_BOOL_CONVERSION = YES;
				CLANG_WARN_COMMA = YES;
				CLANG_WARN_CONSTANT_CONVERSION = YES;
				CLANG_WARN_DEPRECATED_OBJC_IMPLEMENTATIONS = YES;
				CLANG_WARN_DIRECT_OBJC_ISA_USAGE = YES_ERROR;
				CLANG_WARN_DOCUMENTATION_COMMENTS = YES;
				CLANG_WARN_EMPTY_BODY = YES;
				CLANG_WARN_ENUM_CONVERSION = YES;
				CLANG_WARN_INFINITE_RECURSION = YES;
				CLANG_WARN_INT_CONVERSION = YES;
				CLANG_WARN_NON_LITERAL_NULL_CONVERSION = YES;
				CLANG_WARN_OBJC_IMPLICIT_RETAIN_SELF = YES;
				CLANG_WARN_OBJC_LITERAL_CONVERSION = YES;
				CLANG_WARN_OBJC_ROOT_CLASS = YES_ERROR;
				CLANG_WARN_QUOTED_INCLUDE_IN_FRAMEWORK_HEADER = YES;
				CLANG_WARN_RANGE_LOOP_ANALYSIS = YES;
				CLANG_WARN_STRICT_PROTOTYPES = YES;
				CLANG_WARN_SUSPICIOUS_MOVE = YES;
				CLANG_WARN_UNGUARDED_AVAILABILITY = YES_AGGRESSIVE;
				CLANG_WARN_UNREACHABLE_CODE = YES;
				CLANG_WARN__DUPLICATE_METHOD_MATCH = YES;
				COPY_PHASE_STRIP = NO;
				DEBUG_INFORMATION_FORMAT = dwarf;
				ENABLE_STRICT_OBJC_MSGSEND = YES;
				ENABLE_TESTABILITY = YES;
				GCC_C_LANGUAGE_STANDARD = gnu11;
				GCC_DYNAMIC_NO_PIC = NO;
				GCC_NO_COMMON_BLOCKS = YES;
				GCC_OPTIMIZATION_LEVEL = 0;
				GCC_PREPROCESSOR_DEFINITIONS = (
					"DEBUG=1",
					"$(inherited)",
				);
				GCC_WARN_64_TO_32_BIT_CONVERSION = YES;
				GCC_WARN_ABOUT_RETURN_TYPE = YES_ERROR;
				GCC_WARN_UNDECLARED_SELECTOR = YES;
				GCC_WARN_UNINITIALIZED_AUTOS = YES_AGGRESSIVE;
				GCC_WARN_UNUSED_FUNCTION = YES;
				GCC_WARN_UNUSED_VARIABLE = YES;
				IPHONEOS_DEPLOYMENT_TARGET = 16.4;
				MTL_ENABLE_DEBUG_INFO = INCLUDE_SOURCE;
				MTL_FAST_MATH = YES;
				ONLY_ACTIVE_ARCH = YES;
				SDKROOT = iphoneos;
				SWIFT_ACTIVE_COMPILATION_CONDITIONS = DEBUG;
				SWIFT_OPTIMIZATION_LEVEL = "-Onone";
			};
			name = Debug;
		};
		1EDF2F122A79A78F0010847C /* Release */ = {
			isa = XCBuildConfiguration;
			buildSettings = {
				ALWAYS_SEARCH_USER_PATHS = NO;
				CLANG_ANALYZER_NONNULL = YES;
				CLANG_ANALYZER_NUMBER_OBJECT_CONVERSION = YES_AGGRESSIVE;
				CLANG_CXX_LANGUAGE_STANDARD = "gnu++20";
				CLANG_ENABLE_MODULES = YES;
				CLANG_ENABLE_OBJC_ARC = YES;
				CLANG_ENABLE_OBJC_WEAK = YES;
				CLANG_WARN_BLOCK_CAPTURE_AUTORELEASING = YES;
				CLANG_WARN_BOOL_CONVERSION = YES;
				CLANG_WARN_COMMA = YES;
				CLANG_WARN_CONSTANT_CONVERSION = YES;
				CLANG_WARN_DEPRECATED_OBJC_IMPLEMENTATIONS = YES;
				CLANG_WARN_DIRECT_OBJC_ISA_USAGE = YES_ERROR;
				CLANG_WARN_DOCUMENTATION_COMMENTS = YES;
				CLANG_WARN_EMPTY_BODY = YES;
				CLANG_WARN_ENUM_CONVERSION = YES;
				CLANG_WARN_INFINITE_RECURSION = YES;
				CLANG_WARN_INT_CONVERSION = YES;
				CLANG_WARN_NON_LITERAL_NULL_CONVERSION = YES;
				CLANG_WARN_OBJC_IMPLICIT_RETAIN_SELF = YES;
				CLANG_WARN_OBJC_LITERAL_CONVERSION = YES;
				CLANG_WARN_OBJC_ROOT_CLASS = YES_ERROR;
				CLANG_WARN_QUOTED_INCLUDE_IN_FRAMEWORK_HEADER = YES;
				CLANG_WARN_RANGE_LOOP_ANALYSIS = YES;
				CLANG_WARN_STRICT_PROTOTYPES = YES;
				CLANG_WARN_SUSPICIOUS_MOVE = YES;
				CLANG_WARN_UNGUARDED_AVAILABILITY = YES_AGGRESSIVE;
				CLANG_WARN_UNREACHABLE_CODE = YES;
				CLANG_WARN__DUPLICATE_METHOD_MATCH = YES;
				COPY_PHASE_STRIP = NO;
				DEBUG_INFORMATION_FORMAT = "dwarf-with-dsym";
				ENABLE_NS_ASSERTIONS = NO;
				ENABLE_STRICT_OBJC_MSGSEND = YES;
				GCC_C_LANGUAGE_STANDARD = gnu11;
				GCC_NO_COMMON_BLOCKS = YES;
				GCC_WARN_64_TO_32_BIT_CONVERSION = YES;
				GCC_WARN_ABOUT_RETURN_TYPE = YES_ERROR;
				GCC_WARN_UNDECLARED_SELECTOR = YES;
				GCC_WARN_UNINITIALIZED_AUTOS = YES_AGGRESSIVE;
				GCC_WARN_UNUSED_FUNCTION = YES;
				GCC_WARN_UNUSED_VARIABLE = YES;
				IPHONEOS_DEPLOYMENT_TARGET = 16.4;
				MTL_ENABLE_DEBUG_INFO = NO;
				MTL_FAST_MATH = YES;
				SDKROOT = iphoneos;
				SWIFT_COMPILATION_MODE = wholemodule;
				SWIFT_OPTIMIZATION_LEVEL = "-O";
				VALIDATE_PRODUCT = YES;
			};
			name = Release;
		};
		1EDF2F142A79A78F0010847C /* Debug */ = {
			isa = XCBuildConfiguration;
			baseConfigurationReference = 7EC8B9556EF062C0108C595F /* Pods-WifiScanner.debug.xcconfig */;
			buildSettings = {
				ASSETCATALOG_COMPILER_APPICON_NAME = AppIcon;
				ASSETCATALOG_COMPILER_GLOBAL_ACCENT_COLOR_NAME = AccentColor;
				CODE_SIGN_STYLE = Automatic;
				CURRENT_PROJECT_VERSION = 1;
				DEVELOPMENT_ASSET_PATHS = "\"WifiScanner/Preview Content\"";
				DEVELOPMENT_TEAM = KSGZPL6D9M;
				ENABLE_PREVIEWS = YES;
				GENERATE_INFOPLIST_FILE = YES;
				INFOPLIST_KEY_UIApplicationSceneManifest_Generation = YES;
				INFOPLIST_KEY_UIApplicationSupportsIndirectInputEvents = YES;
				INFOPLIST_KEY_UILaunchScreen_Generation = YES;
				INFOPLIST_KEY_UISupportedInterfaceOrientations_iPad = "UIInterfaceOrientationPortrait UIInterfaceOrientationPortraitUpsideDown UIInterfaceOrientationLandscapeLeft UIInterfaceOrientationLandscapeRight";
				INFOPLIST_KEY_UISupportedInterfaceOrientations_iPhone = "UIInterfaceOrientationPortrait UIInterfaceOrientationLandscapeLeft UIInterfaceOrientationLandscapeRight";
				LD_RUNPATH_SEARCH_PATHS = (
					"$(inherited)",
					"@executable_path/Frameworks",
				);
				MARKETING_VERSION = 1.0;
				PRODUCT_BUNDLE_IDENTIFIER = com.ozbagdatli.WifiScanner;
				PRODUCT_NAME = "$(TARGET_NAME)";
				SWIFT_EMIT_LOC_STRINGS = YES;
				SWIFT_VERSION = 5.0;
				TARGETED_DEVICE_FAMILY = "1,2";
			};
			name = Debug;
		};
		1EDF2F152A79A78F0010847C /* Release */ = {
			isa = XCBuildConfiguration;
			baseConfigurationReference = 3ED5D4F30F99004658CB683E /* Pods-WifiScanner.release.xcconfig */;
			buildSettings = {
				ASSETCATALOG_COMPILER_APPICON_NAME = AppIcon;
				ASSETCATALOG_COMPILER_GLOBAL_ACCENT_COLOR_NAME = AccentColor;
				CODE_SIGN_STYLE = Automatic;
				CURRENT_PROJECT_VERSION = 1;
				DEVELOPMENT_ASSET_PATHS = "\"WifiScanner/Preview Content\"";
				DEVELOPMENT_TEAM = KSGZPL6D9M;
				ENABLE_PREVIEWS = YES;
				GENERATE_INFOPLIST_FILE = YES;
				INFOPLIST_KEY_UIApplicationSceneManifest_Generation = YES;
				INFOPLIST_KEY_UIApplicationSupportsIndirectInputEvents = YES;
				INFOPLIST_KEY_UILaunchScreen_Generation = YES;
				INFOPLIST_KEY_UISupportedInterfaceOrientations_iPad = "UIInterfaceOrientationPortrait UIInterfaceOrientationPortraitUpsideDown UIInterfaceOrientationLandscapeLeft UIInterfaceOrientationLandscapeRight";
				INFOPLIST_KEY_UISupportedInterfaceOrientations_iPhone = "UIInterfaceOrientationPortrait UIInterfaceOrientationLandscapeLeft UIInterfaceOrientationLandscapeRight";
				LD_RUNPATH_SEARCH_PATHS = (
					"$(inherited)",
					"@executable_path/Frameworks",
				);
				MARKETING_VERSION = 1.0;
				PRODUCT_BUNDLE_IDENTIFIER = com.ozbagdatli.WifiScanner;
				PRODUCT_NAME = "$(TARGET_NAME)";
				SWIFT_EMIT_LOC_STRINGS = YES;
				SWIFT_VERSION = 5.0;
				TARGETED_DEVICE_FAMILY = "1,2";
			};
			name = Release;
		};
/* End XCBuildConfiguration section */

/* Begin XCConfigurationList section */
		1EDF2F002A79A78E0010847C /* Build configuration list for PBXProject "WifiScanner" */ = {
			isa = XCConfigurationList;
			buildConfigurations = (
				1EDF2F112A79A78F0010847C /* Debug */,
				1EDF2F122A79A78F0010847C /* Release */,
			);
			defaultConfigurationIsVisible = 0;
			defaultConfigurationName = Release;
		};
		1EDF2F132A79A78F0010847C /* Build configuration list for PBXNativeTarget "WifiScanner" */ = {
			isa = XCConfigurationList;
			buildConfigurations = (
				1EDF2F142A79A78F0010847C /* Debug */,
				1EDF2F152A79A78F0010847C /* Release */,
			);
			defaultConfigurationIsVisible = 0;
			defaultConfigurationName = Release;
		};
/* End XCConfigurationList section */
	};
	rootObject = 1EDF2EFD2A79A78E0010847C /* Project object */;
}
